// !$*UTF8*$!
{
	archiveVersion = 1;
	classes = {
	};
	objectVersion = 56;
	objects = {

/* Begin PBXBuildFile section */
		57FBC59F2AFE5B55007E4DFB /* AppDelegate.swift in Sources */ = {isa = PBXBuildFile; fileRef = 57FBC59E2AFE5B55007E4DFB /* AppDelegate.swift */; };
		57FBC5A12AFE5B55007E4DFB /* SceneDelegate.swift in Sources */ = {isa = PBXBuildFile; fileRef = 57FBC5A02AFE5B55007E4DFB /* SceneDelegate.swift */; };
		57FBC5A82AFE5B58007E4DFB /* Assets.xcassets in Resources */ = {isa = PBXBuildFile; fileRef = 57FBC5A72AFE5B58007E4DFB /* Assets.xcassets */; };
		57FBC5AB2AFE5B58007E4DFB /* LaunchScreen.storyboard in Resources */ = {isa = PBXBuildFile; fileRef = 57FBC5A92AFE5B58007E4DFB /* LaunchScreen.storyboard */; };
		57FBC5B62AFE5C2E007E4DFB /* RxCocoa in Frameworks */ = {isa = PBXBuildFile; productRef = 57FBC5B52AFE5C2E007E4DFB /* RxCocoa */; };
		57FBC5B82AFE5C2E007E4DFB /* RxRelay in Frameworks */ = {isa = PBXBuildFile; productRef = 57FBC5B72AFE5C2E007E4DFB /* RxRelay */; };
		57FBC5BA2AFE5C2E007E4DFB /* RxSwift in Frameworks */ = {isa = PBXBuildFile; productRef = 57FBC5B92AFE5C2E007E4DFB /* RxSwift */; };
		57FBC5BD2AFE5C58007E4DFB /* SnapKit in Frameworks */ = {isa = PBXBuildFile; productRef = 57FBC5BC2AFE5C58007E4DFB /* SnapKit */; };
		57FBC5C02AFE5C69007E4DFB /* Kingfisher in Frameworks */ = {isa = PBXBuildFile; productRef = 57FBC5BF2AFE5C69007E4DFB /* Kingfisher */; };
		57FBC5C32AFE5C89007E4DFB /* RxDataSources in Frameworks */ = {isa = PBXBuildFile; productRef = 57FBC5C22AFE5C89007E4DFB /* RxDataSources */; };
		57FBC5C62AFE5CE2007E4DFB /* Alamofire in Frameworks */ = {isa = PBXBuildFile; productRef = 57FBC5C52AFE5CE2007E4DFB /* Alamofire */; };
/* End PBXBuildFile section */

/* Begin PBXFileReference section */
		57FBC59B2AFE5B55007E4DFB /* iTunes.app */ = {isa = PBXFileReference; explicitFileType = wrapper.application; includeInIndex = 0; path = iTunes.app; sourceTree = BUILT_PRODUCTS_DIR; };
		57FBC59E2AFE5B55007E4DFB /* AppDelegate.swift */ = {isa = PBXFileReference; lastKnownFileType = sourcecode.swift; path = AppDelegate.swift; sourceTree = "<group>"; };
		57FBC5A02AFE5B55007E4DFB /* SceneDelegate.swift */ = {isa = PBXFileReference; lastKnownFileType = sourcecode.swift; path = SceneDelegate.swift; sourceTree = "<group>"; };
		57FBC5A72AFE5B58007E4DFB /* Assets.xcassets */ = {isa = PBXFileReference; lastKnownFileType = folder.assetcatalog; path = Assets.xcassets; sourceTree = "<group>"; };
		57FBC5AA2AFE5B58007E4DFB /* Base */ = {isa = PBXFileReference; lastKnownFileType = file.storyboard; name = Base; path = Base.lproj/LaunchScreen.storyboard; sourceTree = "<group>"; };
		57FBC5AC2AFE5B58007E4DFB /* Info.plist */ = {isa = PBXFileReference; lastKnownFileType = text.plist.xml; path = Info.plist; sourceTree = "<group>"; };
/* End PBXFileReference section */

/* Begin PBXFrameworksBuildPhase section */
		57FBC5982AFE5B55007E4DFB /* Frameworks */ = {
			isa = PBXFrameworksBuildPhase;
			buildActionMask = 2147483647;
			files = (
				57FBC5BA2AFE5C2E007E4DFB /* RxSwift in Frameworks */,
				57FBC5C62AFE5CE2007E4DFB /* Alamofire in Frameworks */,
				57FBC5BD2AFE5C58007E4DFB /* SnapKit in Frameworks */,
				57FBC5B82AFE5C2E007E4DFB /* RxRelay in Frameworks */,
				57FBC5C32AFE5C89007E4DFB /* RxDataSources in Frameworks */,
				57FBC5B62AFE5C2E007E4DFB /* RxCocoa in Frameworks */,
				57FBC5C02AFE5C69007E4DFB /* Kingfisher in Frameworks */,
			);
			runOnlyForDeploymentPostprocessing = 0;
		};
/* End PBXFrameworksBuildPhase section */

/* Begin PBXGroup section */
		57FBC5922AFE5B55007E4DFB = {
			isa = PBXGroup;
			children = (
				57FBC59D2AFE5B55007E4DFB /* iTunes */,
				57FBC59C2AFE5B55007E4DFB /* Products */,
			);
			sourceTree = "<group>";
		};
		57FBC59C2AFE5B55007E4DFB /* Products */ = {
			isa = PBXGroup;
			children = (
				57FBC59B2AFE5B55007E4DFB /* iTunes.app */,
			);
			name = Products;
			sourceTree = "<group>";
		};
		57FBC59D2AFE5B55007E4DFB /* iTunes */ = {
			isa = PBXGroup;
			children = (
				57FBC59E2AFE5B55007E4DFB /* AppDelegate.swift */,
				57FBC5A02AFE5B55007E4DFB /* SceneDelegate.swift */,
				57FBC5A72AFE5B58007E4DFB /* Assets.xcassets */,
				57FBC5A92AFE5B58007E4DFB /* LaunchScreen.storyboard */,
				57FBC5AC2AFE5B58007E4DFB /* Info.plist */,
			);
			path = iTunes;
			sourceTree = "<group>";
		};
/* End PBXGroup section */

/* Begin PBXNativeTarget section */
		57FBC59A2AFE5B55007E4DFB /* iTunes */ = {
			isa = PBXNativeTarget;
			buildConfigurationList = 57FBC5AF2AFE5B58007E4DFB /* Build configuration list for PBXNativeTarget "iTunes" */;
			buildPhases = (
				57FBC5972AFE5B55007E4DFB /* Sources */,
				57FBC5982AFE5B55007E4DFB /* Frameworks */,
				57FBC5992AFE5B55007E4DFB /* Resources */,
			);
			buildRules = (
			);
			dependencies = (
			);
			name = iTunes;
			packageProductDependencies = (
				57FBC5B52AFE5C2E007E4DFB /* RxCocoa */,
				57FBC5B72AFE5C2E007E4DFB /* RxRelay */,
				57FBC5B92AFE5C2E007E4DFB /* RxSwift */,
				57FBC5BC2AFE5C58007E4DFB /* SnapKit */,
				57FBC5BF2AFE5C69007E4DFB /* Kingfisher */,
				57FBC5C22AFE5C89007E4DFB /* RxDataSources */,
				57FBC5C52AFE5CE2007E4DFB /* Alamofire */,
			);
			productName = iTunes;
			productReference = 57FBC59B2AFE5B55007E4DFB /* iTunes.app */;
			productType = "com.apple.product-type.application";
		};
/* End PBXNativeTarget section */

/* Begin PBXProject section */
		57FBC5932AFE5B55007E4DFB /* Project object */ = {
			isa = PBXProject;
			attributes = {
				BuildIndependentTargetsInParallel = 1;
				LastSwiftUpdateCheck = 1420;
				LastUpgradeCheck = 1420;
				TargetAttributes = {
					57FBC59A2AFE5B55007E4DFB = {
						CreatedOnToolsVersion = 14.2;
					};
				};
			};
			buildConfigurationList = 57FBC5962AFE5B55007E4DFB /* Build configuration list for PBXProject "iTunes" */;
			compatibilityVersion = "Xcode 14.0";
			developmentRegion = en;
			hasScannedForEncodings = 0;
			knownRegions = (
				en,
				Base,
			);
			mainGroup = 57FBC5922AFE5B55007E4DFB;
			packageReferences = (
				57FBC5B42AFE5C2E007E4DFB /* XCRemoteSwiftPackageReference "RxSwift" */,
				57FBC5BB2AFE5C58007E4DFB /* XCRemoteSwiftPackageReference "SnapKit" */,
				57FBC5BE2AFE5C69007E4DFB /* XCRemoteSwiftPackageReference "Kingfisher" */,
				57FBC5C12AFE5C89007E4DFB /* XCRemoteSwiftPackageReference "RxDataSources" */,
				57FBC5C42AFE5CE2007E4DFB /* XCRemoteSwiftPackageReference "Alamofire" */,
			);
			productRefGroup = 57FBC59C2AFE5B55007E4DFB /* Products */;
			projectDirPath = "";
			projectRoot = "";
			targets = (
				57FBC59A2AFE5B55007E4DFB /* iTunes */,
			);
		};
/* End PBXProject section */

/* Begin PBXResourcesBuildPhase section */
		57FBC5992AFE5B55007E4DFB /* Resources */ = {
			isa = PBXResourcesBuildPhase;
			buildActionMask = 2147483647;
			files = (
				57FBC5AB2AFE5B58007E4DFB /* LaunchScreen.storyboard in Resources */,
				57FBC5A82AFE5B58007E4DFB /* Assets.xcassets in Resources */,
			);
			runOnlyForDeploymentPostprocessing = 0;
		};
/* End PBXResourcesBuildPhase section */

/* Begin PBXSourcesBuildPhase section */
		57FBC5972AFE5B55007E4DFB /* Sources */ = {
			isa = PBXSourcesBuildPhase;
			buildActionMask = 2147483647;
			files = (
				57FBC59F2AFE5B55007E4DFB /* AppDelegate.swift in Sources */,
				57FBC5A12AFE5B55007E4DFB /* SceneDelegate.swift in Sources */,
			);
			runOnlyForDeploymentPostprocessing = 0;
		};
/* End PBXSourcesBuildPhase section */

/* Begin PBXVariantGroup section */
		57FBC5A92AFE5B58007E4DFB /* LaunchScreen.storyboard */ = {
			isa = PBXVariantGroup;
			children = (
				57FBC5AA2AFE5B58007E4DFB /* Base */,
			);
			name = LaunchScreen.storyboard;
			sourceTree = "<group>";
		};
/* End PBXVariantGroup section */

/* Begin XCBuildConfiguration section */
		57FBC5AD2AFE5B58007E4DFB /* Debug */ = {
			isa = XCBuildConfiguration;
			buildSettings = {
				ALWAYS_SEARCH_USER_PATHS = NO;
				CLANG_ANALYZER_NONNULL = YES;
				CLANG_ANALYZER_NUMBER_OBJECT_CONVERSION = YES_AGGRESSIVE;
				CLANG_CXX_LANGUAGE_STANDARD = "gnu++20";
				CLANG_ENABLE_MODULES = YES;
				CLANG_ENABLE_OBJC_ARC = YES;
				CLANG_ENABLE_OBJC_WEAK = YES;
				CLANG_WARN_BLOCK_CAPTURE_AUTORELEASING = YES;
				CLANG_WARN_BOOL_CONVERSION = YES;
				CLANG_WARN_COMMA = YES;
				CLANG_WARN_CONSTANT_CONVERSION = YES;
				CLANG_WARN_DEPRECATED_OBJC_IMPLEMENTATIONS = YES;
				CLANG_WARN_DIRECT_OBJC_ISA_USAGE = YES_ERROR;
				CLANG_WARN_DOCUMENTATION_COMMENTS = YES;
				CLANG_WARN_EMPTY_BODY = YES;
				CLANG_WARN_ENUM_CONVERSION = YES;
				CLANG_WARN_INFINITE_RECURSION = YES;
				CLANG_WARN_INT_CONVERSION = YES;
				CLANG_WARN_NON_LITERAL_NULL_CONVERSION = YES;
				CLANG_WARN_OBJC_IMPLICIT_RETAIN_SELF = YES;
				CLANG_WARN_OBJC_LITERAL_CONVERSION = YES;
				CLANG_WARN_OBJC_ROOT_CLASS = YES_ERROR;
				CLANG_WARN_QUOTED_INCLUDE_IN_FRAMEWORK_HEADER = YES;
				CLANG_WARN_RANGE_LOOP_ANALYSIS = YES;
				CLANG_WARN_STRICT_PROTOTYPES = YES;
				CLANG_WARN_SUSPICIOUS_MOVE = YES;
				CLANG_WARN_UNGUARDED_AVAILABILITY = YES_AGGRESSIVE;
				CLANG_WARN_UNREACHABLE_CODE = YES;
				CLANG_WARN__DUPLICATE_METHOD_MATCH = YES;
				COPY_PHASE_STRIP = NO;
				DEBUG_INFORMATION_FORMAT = dwarf;
				ENABLE_STRICT_OBJC_MSGSEND = YES;
				ENABLE_TESTABILITY = YES;
				GCC_C_LANGUAGE_STANDARD = gnu11;
				GCC_DYNAMIC_NO_PIC = NO;
				GCC_NO_COMMON_BLOCKS = YES;
				GCC_OPTIMIZATION_LEVEL = 0;
				GCC_PREPROCESSOR_DEFINITIONS = (
					"DEBUG=1",
					"$(inherited)",
				);
				GCC_WARN_64_TO_32_BIT_CONVERSION = YES;
				GCC_WARN_ABOUT_RETURN_TYPE = YES_ERROR;
				GCC_WARN_UNDECLARED_SELECTOR = YES;
				GCC_WARN_UNINITIALIZED_AUTOS = YES_AGGRESSIVE;
				GCC_WARN_UNUSED_FUNCTION = YES;
				GCC_WARN_UNUSED_VARIABLE = YES;
				IPHONEOS_DEPLOYMENT_TARGET = 16.2;
				MTL_ENABLE_DEBUG_INFO = INCLUDE_SOURCE;
				MTL_FAST_MATH = YES;
				ONLY_ACTIVE_ARCH = YES;
				SDKROOT = iphoneos;
				SWIFT_ACTIVE_COMPILATION_CONDITIONS = DEBUG;
				SWIFT_OPTIMIZATION_LEVEL = "-Onone";
			};
			name = Debug;
		};
		57FBC5AE2AFE5B58007E4DFB /* Release */ = {
			isa = XCBuildConfiguration;
			buildSettings = {
				ALWAYS_SEARCH_USER_PATHS = NO;
				CLANG_ANALYZER_NONNULL = YES;
				CLANG_ANALYZER_NUMBER_OBJECT_CONVERSION = YES_AGGRESSIVE;
				CLANG_CXX_LANGUAGE_STANDARD = "gnu++20";
				CLANG_ENABLE_MODULES = YES;
				CLANG_ENABLE_OBJC_ARC = YES;
				CLANG_ENABLE_OBJC_WEAK = YES;
				CLANG_WARN_BLOCK_CAPTURE_AUTORELEASING = YES;
				CLANG_WARN_BOOL_CONVERSION = YES;
				CLANG_WARN_COMMA = YES;
				CLANG_WARN_CONSTANT_CONVERSION = YES;
				CLANG_WARN_DEPRECATED_OBJC_IMPLEMENTATIONS = YES;
				CLANG_WARN_DIRECT_OBJC_ISA_USAGE = YES_ERROR;
				CLANG_WARN_DOCUMENTATION_COMMENTS = YES;
				CLANG_WARN_EMPTY_BODY = YES;
				CLANG_WARN_ENUM_CONVERSION = YES;
				CLANG_WARN_INFINITE_RECURSION = YES;
				CLANG_WARN_INT_CONVERSION = YES;
				CLANG_WARN_NON_LITERAL_NULL_CONVERSION = YES;
				CLANG_WARN_OBJC_IMPLICIT_RETAIN_SELF = YES;
				CLANG_WARN_OBJC_LITERAL_CONVERSION = YES;
				CLANG_WARN_OBJC_ROOT_CLASS = YES_ERROR;
				CLANG_WARN_QUOTED_INCLUDE_IN_FRAMEWORK_HEADER = YES;
				CLANG_WARN_RANGE_LOOP_ANALYSIS = YES;
				CLANG_WARN_STRICT_PROTOTYPES = YES;
				CLANG_WARN_SUSPICIOUS_MOVE = YES;
				CLANG_WARN_UNGUARDED_AVAILABILITY = YES_AGGRESSIVE;
				CLANG_WARN_UNREACHABLE_CODE = YES;
				CLANG_WARN__DUPLICATE_METHOD_MATCH = YES;
				COPY_PHASE_STRIP = NO;
				DEBUG_INFORMATION_FORMAT = "dwarf-with-dsym";
				ENABLE_NS_ASSERTIONS = NO;
				ENABLE_STRICT_OBJC_MSGSEND = YES;
				GCC_C_LANGUAGE_STANDARD = gnu11;
				GCC_NO_COMMON_BLOCKS = YES;
				GCC_WARN_64_TO_32_BIT_CONVERSION = YES;
				GCC_WARN_ABOUT_RETURN_TYPE = YES_ERROR;
				GCC_WARN_UNDECLARED_SELECTOR = YES;
				GCC_WARN_UNINITIALIZED_AUTOS = YES_AGGRESSIVE;
				GCC_WARN_UNUSED_FUNCTION = YES;
				GCC_WARN_UNUSED_VARIABLE = YES;
				IPHONEOS_DEPLOYMENT_TARGET = 16.2;
				MTL_ENABLE_DEBUG_INFO = NO;
				MTL_FAST_MATH = YES;
				SDKROOT = iphoneos;
				SWIFT_COMPILATION_MODE = wholemodule;
				SWIFT_OPTIMIZATION_LEVEL = "-O";
				VALIDATE_PRODUCT = YES;
			};
			name = Release;
		};
		57FBC5B02AFE5B58007E4DFB /* Debug */ = {
			isa = XCBuildConfiguration;
			buildSettings = {
				ASSETCATALOG_COMPILER_APPICON_NAME = AppIcon;
				ASSETCATALOG_COMPILER_GLOBAL_ACCENT_COLOR_NAME = AccentColor;
				CODE_SIGN_STYLE = Automatic;
				CURRENT_PROJECT_VERSION = 1;
				DEVELOPMENT_TEAM = 86BUJA8T6M;
				GENERATE_INFOPLIST_FILE = YES;
				INFOPLIST_FILE = iTunes/Info.plist;
				INFOPLIST_KEY_UIApplicationSupportsIndirectInputEvents = YES;
				INFOPLIST_KEY_UILaunchStoryboardName = LaunchScreen;
				INFOPLIST_KEY_UISupportedInterfaceOrientations_iPad = "UIInterfaceOrientationPortrait UIInterfaceOrientationPortraitUpsideDown UIInterfaceOrientationLandscapeLeft UIInterfaceOrientationLandscapeRight";
				INFOPLIST_KEY_UISupportedInterfaceOrientations_iPhone = "UIInterfaceOrientationPortrait UIInterfaceOrientationLandscapeLeft UIInterfaceOrientationLandscapeRight";
				IPHONEOS_DEPLOYMENT_TARGET = 15.0;
				LD_RUNPATH_SEARCH_PATHS = (
					"$(inherited)",
					"@executable_path/Frameworks",
				);
				MARKETING_VERSION = 1.0;
				PRODUCT_BUNDLE_IDENTIFIER = com.prodvssw.98.iTunes;
				PRODUCT_NAME = "$(TARGET_NAME)";
				SUPPORTED_PLATFORMS = "iphoneos iphonesimulator";
				SUPPORTS_MACCATALYST = NO;
				SUPPORTS_MAC_DESIGNED_FOR_IPHONE_IPAD = NO;
				SWIFT_EMIT_LOC_STRINGS = YES;
				SWIFT_VERSION = 5.0;
				TARGETED_DEVICE_FAMILY = 1;
			};
			name = Debug;
		};
		57FBC5B12AFE5B58007E4DFB /* Release */ = {
			isa = XCBuildConfiguration;
			buildSettings = {
				ASSETCATALOG_COMPILER_APPICON_NAME = AppIcon;
				ASSETCATALOG_COMPILER_GLOBAL_ACCENT_COLOR_NAME = AccentColor;
				CODE_SIGN_STYLE = Automatic;
				CURRENT_PROJECT_VERSION = 1;
				DEVELOPMENT_TEAM = 86BUJA8T6M;
				GENERATE_INFOPLIST_FILE = YES;
				INFOPLIST_FILE = iTunes/Info.plist;
				INFOPLIST_KEY_UIApplicationSupportsIndirectInputEvents = YES;
				INFOPLIST_KEY_UILaunchStoryboardName = LaunchScreen;
				INFOPLIST_KEY_UISupportedInterfaceOrientations_iPad = "UIInterfaceOrientationPortrait UIInterfaceOrientationPortraitUpsideDown UIInterfaceOrientationLandscapeLeft UIInterfaceOrientationLandscapeRight";
				INFOPLIST_KEY_UISupportedInterfaceOrientations_iPhone = "UIInterfaceOrientationPortrait UIInterfaceOrientationLandscapeLeft UIInterfaceOrientationLandscapeRight";
				IPHONEOS_DEPLOYMENT_TARGET = 15.0;
				LD_RUNPATH_SEARCH_PATHS = (
					"$(inherited)",
					"@executable_path/Frameworks",
				);
				MARKETING_VERSION = 1.0;
				PRODUCT_BUNDLE_IDENTIFIER = com.prodvssw.98.iTunes;
				PRODUCT_NAME = "$(TARGET_NAME)";
				SUPPORTED_PLATFORMS = "iphoneos iphonesimulator";
				SUPPORTS_MACCATALYST = NO;
				SUPPORTS_MAC_DESIGNED_FOR_IPHONE_IPAD = NO;
				SWIFT_EMIT_LOC_STRINGS = YES;
				SWIFT_VERSION = 5.0;
				TARGETED_DEVICE_FAMILY = 1;
			};
			name = Release;
		};
/* End XCBuildConfiguration section */

/* Begin XCConfigurationList section */
		57FBC5962AFE5B55007E4DFB /* Build configuration list for PBXProject "iTunes" */ = {
			isa = XCConfigurationList;
			buildConfigurations = (
				57FBC5AD2AFE5B58007E4DFB /* Debug */,
				57FBC5AE2AFE5B58007E4DFB /* Release */,
			);
			defaultConfigurationIsVisible = 0;
			defaultConfigurationName = Release;
		};
		57FBC5AF2AFE5B58007E4DFB /* Build configuration list for PBXNativeTarget "iTunes" */ = {
			isa = XCConfigurationList;
			buildConfigurations = (
				57FBC5B02AFE5B58007E4DFB /* Debug */,
				57FBC5B12AFE5B58007E4DFB /* Release */,
			);
			defaultConfigurationIsVisible = 0;
			defaultConfigurationName = Release;
		};
/* End XCConfigurationList section */

/* Begin XCRemoteSwiftPackageReference section */
		57FBC5B42AFE5C2E007E4DFB /* XCRemoteSwiftPackageReference "RxSwift" */ = {
			isa = XCRemoteSwiftPackageReference;
			repositoryURL = "https://github.com/ReactiveX/RxSwift.git";
			requirement = {
				kind = upToNextMajorVersion;
				minimumVersion = 6.0.0;
			};
		};
		57FBC5BB2AFE5C58007E4DFB /* XCRemoteSwiftPackageReference "SnapKit" */ = {
			isa = XCRemoteSwiftPackageReference;
			repositoryURL = "https://github.com/SnapKit/SnapKit.git";
			requirement = {
				kind = upToNextMajorVersion;
				minimumVersion = 5.0.0;
			};
		};
		57FBC5BE2AFE5C69007E4DFB /* XCRemoteSwiftPackageReference "Kingfisher" */ = {
			isa = XCRemoteSwiftPackageReference;
			repositoryURL = "https://github.com/onevcat/Kingfisher.git";
			requirement = {
				kind = upToNextMajorVersion;
				minimumVersion = 7.0.0;
			};
		};
		57FBC5C12AFE5C89007E4DFB /* XCRemoteSwiftPackageReference "RxDataSources" */ = {
			isa = XCRemoteSwiftPackageReference;
			repositoryURL = "https://github.com/RxSwiftCommunity/RxDataSources.git";
			requirement = {
				kind = upToNextMajorVersion;
				minimumVersion = 5.0.0;
			};
		};
		57FBC5C42AFE5CE2007E4DFB /* XCRemoteSwiftPackageReference "Alamofire" */ = {
			isa = XCRemoteSwiftPackageReference;
			repositoryURL = "https://github.com/Alamofire/Alamofire.git";
			requirement = {
				kind = upToNextMajorVersion;
				minimumVersion = 5.0.0;
			};
		};
/* End XCRemoteSwiftPackageReference section */

/* Begin XCSwiftPackageProductDependency section */
		57FBC5B52AFE5C2E007E4DFB /* RxCocoa */ = {
			isa = XCSwiftPackageProductDependency;
			package = 57FBC5B42AFE5C2E007E4DFB /* XCRemoteSwiftPackageReference "RxSwift" */;
			productName = RxCocoa;
		};
		57FBC5B72AFE5C2E007E4DFB /* RxRelay */ = {
			isa = XCSwiftPackageProductDependency;
			package = 57FBC5B42AFE5C2E007E4DFB /* XCRemoteSwiftPackageReference "RxSwift" */;
			productName = RxRelay;
		};
		57FBC5B92AFE5C2E007E4DFB /* RxSwift */ = {
			isa = XCSwiftPackageProductDependency;
			package = 57FBC5B42AFE5C2E007E4DFB /* XCRemoteSwiftPackageReference "RxSwift" */;
			productName = RxSwift;
		};
		57FBC5BC2AFE5C58007E4DFB /* SnapKit */ = {
			isa = XCSwiftPackageProductDependency;
			package = 57FBC5BB2AFE5C58007E4DFB /* XCRemoteSwiftPackageReference "SnapKit" */;
			productName = SnapKit;
		};
		57FBC5BF2AFE5C69007E4DFB /* Kingfisher */ = {
			isa = XCSwiftPackageProductDependency;
			package = 57FBC5BE2AFE5C69007E4DFB /* XCRemoteSwiftPackageReference "Kingfisher" */;
			productName = Kingfisher;
		};
		57FBC5C22AFE5C89007E4DFB /* RxDataSources */ = {
			isa = XCSwiftPackageProductDependency;
			package = 57FBC5C12AFE5C89007E4DFB /* XCRemoteSwiftPackageReference "RxDataSources" */;
			productName = RxDataSources;
		};
		57FBC5C52AFE5CE2007E4DFB /* Alamofire */ = {
			isa = XCSwiftPackageProductDependency;
			package = 57FBC5C42AFE5CE2007E4DFB /* XCRemoteSwiftPackageReference "Alamofire" */;
			productName = Alamofire;
		};
/* End XCSwiftPackageProductDependency section */
	};
	rootObject = 57FBC5932AFE5B55007E4DFB /* Project object */;
}
